
Microsoft Visual Studio Solution File, Format Version 12.00
# Visual Studio 15
VisualStudioVersion = 15.0.28306.52
MinimumVisualStudioVersion = 10.0.40219.1
Project("{FAE04EC0-301F-11D3-BF4B-00C04F79EFBC}") = "mqtt.Android", "mqtt\mqtt.Android\mqtt.Android.csproj", "{E97FF582-7AC9-4716-AB57-B227061A678A}"
EndProject
Project("{9A19103F-16F7-4668-BE54-9A1E7A4F7556}") = "mqtt", "mqtt\mqtt\mqtt.csproj", "{7E478AC7-9D8A-4E91-8E0E-0DA819BDC778}"
EndProject
Project("{9A19103F-16F7-4668-BE54-9A1E7A4F7556}") = "Connectivity", "..\..\PCController\Connectivity\Connectivity.csproj", "{31B739EF-1233-4F64-B5F8-AAA1C0A126D8}"
EndProject
Global
	GlobalSection(SolutionConfigurationPlatforms) = preSolution
		Debug|Any CPU = Debug|Any CPU
		Release|Any CPU = Release|Any CPU
	EndGlobalSection
	GlobalSection(ProjectConfigurationPlatforms) = postSolution
		{E97FF582-7AC9-4716-AB57-B227061A678A}.Debug|Any CPU.ActiveCfg = Debug|Any CPU
		{E97FF582-7AC9-4716-AB57-B227061A678A}.Debug|Any CPU.Build.0 = Debug|Any CPU
		{E97FF582-7AC9-4716-AB57-B227061A678A}.Debug|Any CPU.Deploy.0 = Debug|Any CPU
		{E97FF582-7AC9-4716-AB57-B227061A678A}.Release|Any CPU.ActiveCfg = Release|Any CPU
		{E97FF582-7AC9-4716-AB57-B227061A678A}.Release|Any CPU.Build.0 = Release|Any CPU
		{E97FF582-7AC9-4716-AB57-B227061A678A}.Release|Any CPU.Deploy.0 = Release|Any CPU
		{7E478AC7-9D8A-4E91-8E0E-0DA819BDC778}.Debug|Any CPU.ActiveCfg = Debug|Any CPU
		{7E478AC7-9D8A-4E91-8E0E-0DA819BDC778}.Debug|Any CPU.Build.0 = Debug|Any CPU
		{7E478AC7-9D8A-4E91-8E0E-0DA819BDC778}.Release|Any CPU.ActiveCfg = Release|Any CPU
		{7E478AC7-9D8A-4E91-8E0E-0DA819BDC778}.Release|Any CPU.Build.0 = Release|Any CPU
		{31B739EF-1233-4F64-B5F8-AAA1C0A126D8}.Debug|Any CPU.ActiveCfg = Debug|Any CPU
		{31B739EF-1233-4F64-B5F8-AAA1C0A126D8}.Debug|Any CPU.Build.0 = Debug|Any CPU
		{31B739EF-1233-4F64-B5F8-AAA1C0A126D8}.Release|Any CPU.ActiveCfg = Release|Any CPU
		{31B739EF-1233-4F64-B5F8-AAA1C0A126D8}.Release|Any CPU.Build.0 = Release|Any CPU
	EndGlobalSection
	GlobalSection(SolutionProperties) = preSolution
		HideSolutionNode = FALSE
	EndGlobalSection
	GlobalSection(ExtensibilityGlobals) = postSolution
		SolutionGuid = {EE1DFDC7-EDD3-4C34-B52C-1140C38BC52E}
	EndGlobalSection
EndGlobal
